
Microsoft Visual Studio Solution File, Format Version 12.00
# Visual Studio 15
VisualStudioVersion = 15.0.27428.2015
MinimumVisualStudioVersion = 10.0.40219.1
Project("{FAE04EC0-301F-11D3-BF4B-00C04F79EFBC}") = "VoiceIQChat.WebAPI", "VoiceIQChat.WebAPI\VoiceIQChat.WebAPI.csproj", "{7653DCDD-C49E-4D4F-B905-276B592564B3}"
EndProject
Project("{FAE04EC0-301F-11D3-BF4B-00C04F79EFBC}") = "VoiceIQChat.UI", "VoiceIQChat.UI\VoiceIQChat.UI.csproj", "{FAF92EE0-A929-4B71-B724-CAC9CDAD8CCA}"
EndProject
Global
	GlobalSection(SolutionConfigurationPlatforms) = preSolution
		Debug|Any CPU = Debug|Any CPU
		Release|Any CPU = Release|Any CPU
	EndGlobalSection
	GlobalSection(ProjectConfigurationPlatforms) = postSolution
		{7653DCDD-C49E-4D4F-B905-276B592564B3}.Debug|Any CPU.ActiveCfg = Debug|Any CPU
		{7653DCDD-C49E-4D4F-B905-276B592564B3}.Debug|Any CPU.Build.0 = Debug|Any CPU
		{7653DCDD-C49E-4D4F-B905-276B592564B3}.Release|Any CPU.ActiveCfg = Release|Any CPU
		{7653DCDD-C49E-4D4F-B905-276B592564B3}.Release|Any CPU.Build.0 = Release|Any CPU
		{FAF92EE0-A929-4B71-B724-CAC9CDAD8CCA}.Debug|Any CPU.ActiveCfg = Debug|Any CPU
		{FAF92EE0-A929-4B71-B724-CAC9CDAD8CCA}.Debug|Any CPU.Build.0 = Debug|Any CPU
		{FAF92EE0-A929-4B71-B724-CAC9CDAD8CCA}.Release|Any CPU.ActiveCfg = Release|Any CPU
		{FAF92EE0-A929-4B71-B724-CAC9CDAD8CCA}.Release|Any CPU.Build.0 = Release|Any CPU
	EndGlobalSection
	GlobalSection(SolutionProperties) = preSolution
		HideSolutionNode = FALSE
	EndGlobalSection
	GlobalSection(ExtensibilityGlobals) = postSolution
		SolutionGuid = {42A43DFE-9639-412B-9187-83A5E7CEF89B}
	EndGlobalSection
EndGlobal
